// !$*UTF8*$!
{
	archiveVersion = 1;
	classes = {
	};
	objectVersion = 50;
	objects = {

/* Begin PBXBuildFile section */
		844AA47A261B9F1D009EC043 /* AppDelegate.swift in Sources */ = {isa = PBXBuildFile; fileRef = 844AA479261B9F1D009EC043 /* AppDelegate.swift */; };
		844AA47C261B9F1D009EC043 /* SceneDelegate.swift in Sources */ = {isa = PBXBuildFile; fileRef = 844AA47B261B9F1D009EC043 /* SceneDelegate.swift */; };
		844AA47E261B9F1D009EC043 /* ViewController.swift in Sources */ = {isa = PBXBuildFile; fileRef = 844AA47D261B9F1D009EC043 /* ViewController.swift */; };
		844AA481261B9F1D009EC043 /* Main.storyboard in Resources */ = {isa = PBXBuildFile; fileRef = 844AA47F261B9F1D009EC043 /* Main.storyboard */; };
		844AA483261B9F2A009EC043 /* Assets.xcassets in Resources */ = {isa = PBXBuildFile; fileRef = 844AA482261B9F2A009EC043 /* Assets.xcassets */; };
		844AA486261B9F2A009EC043 /* LaunchScreen.storyboard in Resources */ = {isa = PBXBuildFile; fileRef = 844AA484261B9F2A009EC043 /* LaunchScreen.storyboard */; };
		844AA48F261BA15E009EC043 /* MobileNetV2.mlmodel in Sources */ = {isa = PBXBuildFile; fileRef = 844AA48E261BA15E009EC043 /* MobileNetV2.mlmodel */; };
/* End PBXBuildFile section */

/* Begin PBXFileReference section */
		844AA476261B9F1D009EC043 /* MachineLearningImageRecognation.app */ = {isa = PBXFileReference; explicitFileType = wrapper.application; includeInIndex = 0; path = MachineLearningImageRecognation.app; sourceTree = BUILT_PRODUCTS_DIR; };
		844AA479261B9F1D009EC043 /* AppDelegate.swift */ = {isa = PBXFileReference; lastKnownFileType = sourcecode.swift; path = AppDelegate.swift; sourceTree = "<group>"; };
		844AA47B261B9F1D009EC043 /* SceneDelegate.swift */ = {isa = PBXFileReference; lastKnownFileType = sourcecode.swift; path = SceneDelegate.swift; sourceTree = "<group>"; };
		844AA47D261B9F1D009EC043 /* ViewController.swift */ = {isa = PBXFileReference; lastKnownFileType = sourcecode.swift; path = ViewController.swift; sourceTree = "<group>"; };
		844AA480261B9F1D009EC043 /* Base */ = {isa = PBXFileReference; lastKnownFileType = file.storyboard; name = Base; path = Base.lproj/Main.storyboard; sourceTree = "<group>"; };
		844AA482261B9F2A009EC043 /* Assets.xcassets */ = {isa = PBXFileReference; lastKnownFileType = folder.assetcatalog; path = Assets.xcassets; sourceTree = "<group>"; };
		844AA485261B9F2A009EC043 /* Base */ = {isa = PBXFileReference; lastKnownFileType = file.storyboard; name = Base; path = Base.lproj/LaunchScreen.storyboard; sourceTree = "<group>"; };
		844AA487261B9F2A009EC043 /* Info.plist */ = {isa = PBXFileReference; lastKnownFileType = text.plist.xml; path = Info.plist; sourceTree = "<group>"; };
		844AA48E261BA15E009EC043 /* MobileNetV2.mlmodel */ = {isa = PBXFileReference; lastKnownFileType = file.mlmodel; path = MobileNetV2.mlmodel; sourceTree = "<group>"; };
/* End PBXFileReference section */

/* Begin PBXFrameworksBuildPhase section */
		844AA473261B9F1D009EC043 /* Frameworks */ = {
			isa = PBXFrameworksBuildPhase;
			buildActionMask = 2147483647;
			files = (
			);
			runOnlyForDeploymentPostprocessing = 0;
		};
/* End PBXFrameworksBuildPhase section */

/* Begin PBXGroup section */
		844AA46D261B9F1D009EC043 = {
			isa = PBXGroup;
			children = (
				844AA478261B9F1D009EC043 /* MachineLearningImageRecognation */,
				844AA477261B9F1D009EC043 /* Products */,
			);
			sourceTree = "<group>";
		};
		844AA477261B9F1D009EC043 /* Products */ = {
			isa = PBXGroup;
			children = (
				844AA476261B9F1D009EC043 /* MachineLearningImageRecognation.app */,
			);
			name = Products;
			sourceTree = "<group>";
		};
		844AA478261B9F1D009EC043 /* MachineLearningImageRecognation */ = {
			isa = PBXGroup;
			children = (
				844AA479261B9F1D009EC043 /* AppDelegate.swift */,
				844AA47B261B9F1D009EC043 /* SceneDelegate.swift */,
				844AA47D261B9F1D009EC043 /* ViewController.swift */,
				844AA47F261B9F1D009EC043 /* Main.storyboard */,
				844AA482261B9F2A009EC043 /* Assets.xcassets */,
				844AA484261B9F2A009EC043 /* LaunchScreen.storyboard */,
				844AA487261B9F2A009EC043 /* Info.plist */,
				844AA48E261BA15E009EC043 /* MobileNetV2.mlmodel */,
			);
			path = MachineLearningImageRecognation;
			sourceTree = "<group>";
		};
/* End PBXGroup section */

/* Begin PBXNativeTarget section */
		844AA475261B9F1D009EC043 /* MachineLearningImageRecognation */ = {
			isa = PBXNativeTarget;
			buildConfigurationList = 844AA48A261B9F2A009EC043 /* Build configuration list for PBXNativeTarget "MachineLearningImageRecognation" */;
			buildPhases = (
				844AA472261B9F1D009EC043 /* Sources */,
				844AA473261B9F1D009EC043 /* Frameworks */,
				844AA474261B9F1D009EC043 /* Resources */,
			);
			buildRules = (
			);
			dependencies = (
			);
			name = MachineLearningImageRecognation;
			productName = MachineLearningImageRecognation;
			productReference = 844AA476261B9F1D009EC043 /* MachineLearningImageRecognation.app */;
			productType = "com.apple.product-type.application";
		};
/* End PBXNativeTarget section */

/* Begin PBXProject section */
		844AA46E261B9F1D009EC043 /* Project object */ = {
			isa = PBXProject;
			attributes = {
				LastSwiftUpdateCheck = 1230;
				LastUpgradeCheck = 1230;
				TargetAttributes = {
					844AA475261B9F1D009EC043 = {
						CreatedOnToolsVersion = 12.3;
					};
				};
			};
			buildConfigurationList = 844AA471261B9F1D009EC043 /* Build configuration list for PBXProject "MachineLearningImageRecognation" */;
			compatibilityVersion = "Xcode 9.3";
			developmentRegion = en;
			hasScannedForEncodings = 0;
			knownRegions = (
				en,
				Base,
			);
			mainGroup = 844AA46D261B9F1D009EC043;
			productRefGroup = 844AA477261B9F1D009EC043 /* Products */;
			projectDirPath = "";
			projectRoot = "";
			targets = (
				844AA475261B9F1D009EC043 /* MachineLearningImageRecognation */,
			);
		};
/* End PBXProject section */

/* Begin PBXResourcesBuildPhase section */
		844AA474261B9F1D009EC043 /* Resources */ = {
			isa = PBXResourcesBuildPhase;
			buildActionMask = 2147483647;
			files = (
				844AA486261B9F2A009EC043 /* LaunchScreen.storyboard in Resources */,
				844AA483261B9F2A009EC043 /* Assets.xcassets in Resources */,
				844AA481261B9F1D009EC043 /* Main.storyboard in Resources */,
			);
			runOnlyForDeploymentPostprocessing = 0;
		};
/* End PBXResourcesBuildPhase section */

/* Begin PBXSourcesBuildPhase section */
		844AA472261B9F1D009EC043 /* Sources */ = {
			isa = PBXSourcesBuildPhase;
			buildActionMask = 2147483647;
			files = (
				844AA47E261B9F1D009EC043 /* ViewController.swift in Sources */,
				844AA47A261B9F1D009EC043 /* AppDelegate.swift in Sources */,
				844AA48F261BA15E009EC043 /* MobileNetV2.mlmodel in Sources */,
				844AA47C261B9F1D009EC043 /* SceneDelegate.swift in Sources */,
			);
			runOnlyForDeploymentPostprocessing = 0;
		};
/* End PBXSourcesBuildPhase section */

/* Begin PBXVariantGroup section */
		844AA47F261B9F1D009EC043 /* Main.storyboard */ = {
			isa = PBXVariantGroup;
			children = (
				844AA480261B9F1D009EC043 /* Base */,
			);
			name = Main.storyboard;
			sourceTree = "<group>";
		};
		844AA484261B9F2A009EC043 /* LaunchScreen.storyboard */ = {
			isa = PBXVariantGroup;
			children = (
				844AA485261B9F2A009EC043 /* Base */,
			);
			name = LaunchScreen.storyboard;
			sourceTree = "<group>";
		};
/* End PBXVariantGroup section */

/* Begin XCBuildConfiguration section */
		844AA488261B9F2A009EC043 /* Debug */ = {
			isa = XCBuildConfiguration;
			buildSettings = {
				ALWAYS_SEARCH_USER_PATHS = NO;
				CLANG_ANALYZER_NONNULL = YES;
				CLANG_ANALYZER_NUMBER_OBJECT_CONVERSION = YES_AGGRESSIVE;
				CLANG_CXX_LANGUAGE_STANDARD = "gnu++14";
				CLANG_CXX_LIBRARY = "libc++";
				CLANG_ENABLE_MODULES = YES;
				CLANG_ENABLE_OBJC_ARC = YES;
				CLANG_ENABLE_OBJC_WEAK = YES;
				CLANG_WARN_BLOCK_CAPTURE_AUTORELEASING = YES;
				CLANG_WARN_BOOL_CONVERSION = YES;
				CLANG_WARN_COMMA = YES;
				CLANG_WARN_CONSTANT_CONVERSION = YES;
				CLANG_WARN_DEPRECATED_OBJC_IMPLEMENTATIONS = YES;
				CLANG_WARN_DIRECT_OBJC_ISA_USAGE = YES_ERROR;
				CLANG_WARN_DOCUMENTATION_COMMENTS = YES;
				CLANG_WARN_EMPTY_BODY = YES;
				CLANG_WARN_ENUM_CONVERSION = YES;
				CLANG_WARN_INFINITE_RECURSION = YES;
				CLANG_WARN_INT_CONVERSION = YES;
				CLANG_WARN_NON_LITERAL_NULL_CONVERSION = YES;
				CLANG_WARN_OBJC_IMPLICIT_RETAIN_SELF = YES;
				CLANG_WARN_OBJC_LITERAL_CONVERSION = YES;
				CLANG_WARN_OBJC_ROOT_CLASS = YES_ERROR;
				CLANG_WARN_QUOTED_INCLUDE_IN_FRAMEWORK_HEADER = YES;
				CLANG_WARN_RANGE_LOOP_ANALYSIS = YES;
				CLANG_WARN_STRICT_PROTOTYPES = YES;
				CLANG_WARN_SUSPICIOUS_MOVE = YES;
				CLANG_WARN_UNGUARDED_AVAILABILITY = YES_AGGRESSIVE;
				CLANG_WARN_UNREACHABLE_CODE = YES;
				CLANG_WARN__DUPLICATE_METHOD_MATCH = YES;
				COPY_PHASE_STRIP = NO;
				DEBUG_INFORMATION_FORMAT = dwarf;
				ENABLE_STRICT_OBJC_MSGSEND = YES;
				ENABLE_TESTABILITY = YES;
				GCC_C_LANGUAGE_STANDARD = gnu11;
				GCC_DYNAMIC_NO_PIC = NO;
				GCC_NO_COMMON_BLOCKS = YES;
				GCC_OPTIMIZATION_LEVEL = 0;
				GCC_PREPROCESSOR_DEFINITIONS = (
					"DEBUG=1",
					"$(inherited)",
				);
				GCC_WARN_64_TO_32_BIT_CONVERSION = YES;
				GCC_WARN_ABOUT_RETURN_TYPE = YES_ERROR;
				GCC_WARN_UNDECLARED_SELECTOR = YES;
				GCC_WARN_UNINITIALIZED_AUTOS = YES_AGGRESSIVE;
				GCC_WARN_UNUSED_FUNCTION = YES;
				GCC_WARN_UNUSED_VARIABLE = YES;
				IPHONEOS_DEPLOYMENT_TARGET = 14.3;
				MTL_ENABLE_DEBUG_INFO = INCLUDE_SOURCE;
				MTL_FAST_MATH = YES;
				ONLY_ACTIVE_ARCH = YES;
				SDKROOT = iphoneos;
				SWIFT_ACTIVE_COMPILATION_CONDITIONS = DEBUG;
				SWIFT_OPTIMIZATION_LEVEL = "-Onone";
			};
			name = Debug;
		};
		844AA489261B9F2A009EC043 /* Release */ = {
			isa = XCBuildConfiguration;
			buildSettings = {
				ALWAYS_SEARCH_USER_PATHS = NO;
				CLANG_ANALYZER_NONNULL = YES;
				CLANG_ANALYZER_NUMBER_OBJECT_CONVERSION = YES_AGGRESSIVE;
				CLANG_CXX_LANGUAGE_STANDARD = "gnu++14";
				CLANG_CXX_LIBRARY = "libc++";
				CLANG_ENABLE_MODULES = YES;
				CLANG_ENABLE_OBJC_ARC = YES;
				CLANG_ENABLE_OBJC_WEAK = YES;
				CLANG_WARN_BLOCK_CAPTURE_AUTORELEASING = YES;
				CLANG_WARN_BOOL_CONVERSION = YES;
				CLANG_WARN_COMMA = YES;
				CLANG_WARN_CONSTANT_CONVERSION = YES;
				CLANG_WARN_DEPRECATED_OBJC_IMPLEMENTATIONS = YES;
				CLANG_WARN_DIRECT_OBJC_ISA_USAGE = YES_ERROR;
				CLANG_WARN_DOCUMENTATION_COMMENTS = YES;
				CLANG_WARN_EMPTY_BODY = YES;
				CLANG_WARN_ENUM_CONVERSION = YES;
				CLANG_WARN_INFINITE_RECURSION = YES;
				CLANG_WARN_INT_CONVERSION = YES;
				CLANG_WARN_NON_LITERAL_NULL_CONVERSION = YES;
				CLANG_WARN_OBJC_IMPLICIT_RETAIN_SELF = YES;
				CLANG_WARN_OBJC_LITERAL_CONVERSION = YES;
				CLANG_WARN_OBJC_ROOT_CLASS = YES_ERROR;
				CLANG_WARN_QUOTED_INCLUDE_IN_FRAMEWORK_HEADER = YES;
				CLANG_WARN_RANGE_LOOP_ANALYSIS = YES;
				CLANG_WARN_STRICT_PROTOTYPES = YES;
				CLANG_WARN_SUSPICIOUS_MOVE = YES;
				CLANG_WARN_UNGUARDED_AVAILABILITY = YES_AGGRESSIVE;
				CLANG_WARN_UNREACHABLE_CODE = YES;
				CLANG_WARN__DUPLICATE_METHOD_MATCH = YES;
				COPY_PHASE_STRIP = NO;
				DEBUG_INFORMATION_FORMAT = "dwarf-with-dsym";
				ENABLE_NS_ASSERTIONS = NO;
				ENABLE_STRICT_OBJC_MSGSEND = YES;
				GCC_C_LANGUAGE_STANDARD = gnu11;
				GCC_NO_COMMON_BLOCKS = YES;
				GCC_WARN_64_TO_32_BIT_CONVERSION = YES;
				GCC_WARN_ABOUT_RETURN_TYPE = YES_ERROR;
				GCC_WARN_UNDECLARED_SELECTOR = YES;
				GCC_WARN_UNINITIALIZED_AUTOS = YES_AGGRESSIVE;
				GCC_WARN_UNUSED_FUNCTION = YES;
				GCC_WARN_UNUSED_VARIABLE = YES;
				IPHONEOS_DEPLOYMENT_TARGET = 14.3;
				MTL_ENABLE_DEBUG_INFO = NO;
				MTL_FAST_MATH = YES;
				SDKROOT = iphoneos;
				SWIFT_COMPILATION_MODE = wholemodule;
				SWIFT_OPTIMIZATION_LEVEL = "-O";
				VALIDATE_PRODUCT = YES;
			};
			name = Release;
		};
		844AA48B261B9F2A009EC043 /* Debug */ = {
			isa = XCBuildConfiguration;
			buildSettings = {
				ASSETCATALOG_COMPILER_APPICON_NAME = AppIcon;
				ASSETCATALOG_COMPILER_GLOBAL_ACCENT_COLOR_NAME = AccentColor;
				CODE_SIGN_STYLE = Automatic;
				DEVELOPMENT_TEAM = 5KYS7729G6;
				INFOPLIST_FILE = MachineLearningImageRecognation/Info.plist;
				LD_RUNPATH_SEARCH_PATHS = (
					"$(inherited)",
					"@executable_path/Frameworks",
				);
				PRODUCT_BUNDLE_IDENTIFIER = com.DevCompany.MachineLearningImageRecognation;
				PRODUCT_NAME = "$(TARGET_NAME)";
				SWIFT_VERSION = 5.0;
				TARGETED_DEVICE_FAMILY = "1,2";
			};
			name = Debug;
		};
		844AA48C261B9F2A009EC043 /* Release */ = {
			isa = XCBuildConfiguration;
			buildSettings = {
				ASSETCATALOG_COMPILER_APPICON_NAME = AppIcon;
				ASSETCATALOG_COMPILER_GLOBAL_ACCENT_COLOR_NAME = AccentColor;
				CODE_SIGN_STYLE = Automatic;
				DEVELOPMENT_TEAM = 5KYS7729G6;
				INFOPLIST_FILE = MachineLearningImageRecognation/Info.plist;
				LD_RUNPATH_SEARCH_PATHS = (
					"$(inherited)",
					"@executable_path/Frameworks",
				);
				PRODUCT_BUNDLE_IDENTIFIER = com.DevCompany.MachineLearningImageRecognation;
				PRODUCT_NAME = "$(TARGET_NAME)";
				SWIFT_VERSION = 5.0;
				TARGETED_DEVICE_FAMILY = "1,2";
			};
			name = Release;
		};
/* End XCBuildConfiguration section */

/* Begin XCConfigurationList section */
		844AA471261B9F1D009EC043 /* Build configuration list for PBXProject "MachineLearningImageRecognation" */ = {
			isa = XCConfigurationList;
			buildConfigurations = (
				844AA488261B9F2A009EC043 /* Debug */,
				844AA489261B9F2A009EC043 /* Release */,
			);
			defaultConfigurationIsVisible = 0;
			defaultConfigurationName = Release;
		};
		844AA48A261B9F2A009EC043 /* Build configuration list for PBXNativeTarget "MachineLearningImageRecognation" */ = {
			isa = XCConfigurationList;
			buildConfigurations = (
				844AA48B261B9F2A009EC043 /* Debug */,
				844AA48C261B9F2A009EC043 /* Release */,
			);
			defaultConfigurationIsVisible = 0;
			defaultConfigurationName = Release;
		};
/* End XCConfigurationList section */
	};
	rootObject = 844AA46E261B9F1D009EC043 /* Project object */;
}
